
Microsoft Visual Studio Solution File, Format Version 12.00
# Visual Studio Version 16
VisualStudioVersion = 16.0.30804.86
MinimumVisualStudioVersion = 10.0.40219.1
Project("{8BC9CEB8-8B4A-11D0-8D11-00A0C91BC942}") = "1 ОАиП", "Project2\Project2.vcxproj", "{0D192400-B520-454D-9869-B702F3CA736B}"
EndProject
Project("{8BC9CEB8-8B4A-11D0-8D11-00A0C91BC942}") = "ВВП 13.2", "ВВП 12\ВВП 12.vcxproj", "{EC1AC617-7709-4211-A178-2A353041048A}"
EndProject
Project("{8BC9CEB8-8B4A-11D0-8D11-00A0C91BC942}") = "ВВП 13.1", "ВВП 12.3\ВВП 12.3.vcxproj", "{06419D0F-6BA2-4B70-BBCA-C4DF78145B22}"
EndProject
Project("{8BC9CEB8-8B4A-11D0-8D11-00A0C91BC942}") = "ВВП 13.3", "ВВП 13.3\ВВП 13.3.vcxproj", "{8808D567-C4A5-41F4-B531-2705A5D4FD30}"
EndProject
Project("{8BC9CEB8-8B4A-11D0-8D11-00A0C91BC942}") = "ВВП 13.4", "ВВП задание 13.4\ВВП задание 13.4.vcxproj", "{B35D1903-2B65-4EAB-9D28-09578B465CCF}"
EndProject
Project("{8BC9CEB8-8B4A-11D0-8D11-00A0C91BC942}") = "ВВП 13.5", "ВВП 13.5\ВВП 13.5.vcxproj", "{8B76446D-3164-4A29-A579-C03A7FCAEF4C}"
EndProject
Project("{8BC9CEB8-8B4A-11D0-8D11-00A0C91BC942}") = "2 ОАиП", "2 ОАиП\2 ОАиП.vcxproj", "{49EE5480-2D0C-4CFB-8DD5-0F49B2284683}"
EndProject
Project("{8BC9CEB8-8B4A-11D0-8D11-00A0C91BC942}") = "ВВП 14.1", "ВВП 14\ВВП 14.vcxproj", "{F9A419B4-D336-4793-BC16-FF4F7C3BD6AC}"
EndProject
Project("{8BC9CEB8-8B4A-11D0-8D11-00A0C91BC942}") = "ВВП 16.1", "ВВП 16.1\ВВП 16.1.vcxproj", "{886F43B6-B136-422D-83AF-297D4B888C13}"
EndProject
Project("{8BC9CEB8-8B4A-11D0-8D11-00A0C91BC942}") = "ВВП 16.2", "ВВП 16.2\ВВП 16.2.vcxproj", "{9609500A-9563-486F-8FF2-4F5236402687}"
EndProject
Project("{8BC9CEB8-8B4A-11D0-8D11-00A0C91BC942}") = "ВВП 16.3", "ВВП 16.3\ВВП 16.3.vcxproj", "{79AE0C94-FAA8-43CE-81EF-8C01E4E044E1}"
EndProject
Project("{8BC9CEB8-8B4A-11D0-8D11-00A0C91BC942}") = "ВВП 16.4", "ВВП 16.4\ВВП 16.4.vcxproj", "{44FFE66F-2817-46EB-965D-63AC0BA70DE9}"
EndProject
Project("{8BC9CEB8-8B4A-11D0-8D11-00A0C91BC942}") = "ВВП 16.5", "ВВП 16.5\ВВП 16.5.vcxproj", "{DA624A77-ADF7-4BF2-863A-248B461DEF05}"
EndProject
Project("{8BC9CEB8-8B4A-11D0-8D11-00A0C91BC942}") = "ВВП 17.1", "ВВП 17.1\ВВП 17.1.vcxproj", "{540A351E-B1F1-4DB4-AE2F-F5961BC85818}"
EndProject
Project("{8BC9CEB8-8B4A-11D0-8D11-00A0C91BC942}") = "ВВП 17.2", "ВВП 17.2\ВВП 17.2.vcxproj", "{02F9C8C1-4A0D-4053-B558-5B5AE7C734DF}"
EndProject
Project("{8BC9CEB8-8B4A-11D0-8D11-00A0C91BC942}") = "ВВП 17.3", "ВВП 17.3\ВВП 17.3.vcxproj", "{B79B8BE7-B675-4CA8-9197-17F58EFC7049}"
EndProject
Project("{8BC9CEB8-8B4A-11D0-8D11-00A0C91BC942}") = "ВВП 17.4", "ВВП 17.4\ВВП 17.4.vcxproj", "{163B8953-8BCE-4425-846D-84A3C2EEA0A7}"
EndProject
Project("{8BC9CEB8-8B4A-11D0-8D11-00A0C91BC942}") = "ВВП 17.5", "ВВП 17.5\ВВП 17.5.vcxproj", "{AAE8985A-2F08-4845-B7A1-B7788694E0D7}"
EndProject
Project("{8BC9CEB8-8B4A-11D0-8D11-00A0C91BC942}") = "3 ОАиП", "3 ОАиП\3 ОАиП.vcxproj", "{10F6F895-155F-4F11-9EC3-060D4AA1C080}"
EndProject
Project("{8BC9CEB8-8B4A-11D0-8D11-00A0C91BC942}") = "ВВП 18.1", "ВВП 18.1\ВВП 18.1.vcxproj", "{23AE7456-183F-47D7-A31E-C7EEA986157C}"
EndProject
Project("{8BC9CEB8-8B4A-11D0-8D11-00A0C91BC942}") = "ВВП 18.2", "ВВП 18.2\ВВП 18.2.vcxproj", "{83C737B5-980E-44EA-A050-AD79078EBB91}"
EndProject
Project("{8BC9CEB8-8B4A-11D0-8D11-00A0C91BC942}") = "ВВП 18.3", "ВВП 18.3\ВВП 18.3.vcxproj", "{4661ECAA-AE1A-456C-BD72-FCE99BE48EAB}"
EndProject
Project("{8BC9CEB8-8B4A-11D0-8D11-00A0C91BC942}") = "ВВП 18.4", "ВВП 18.4\ВВП 18.4.vcxproj", "{3472949E-BC25-4B71-903A-6E8B6EBD7CE0}"
EndProject
Project("{8BC9CEB8-8B4A-11D0-8D11-00A0C91BC942}") = "ВВП 18.5", "ВВП 18.5\ВВП 18.5.vcxproj", "{104E57A4-40C8-4338-B9AB-7B7000665B3B}"
EndProject
Project("{8BC9CEB8-8B4A-11D0-8D11-00A0C91BC942}") = "ВВП 19.1", "ВВП 19.1\ВВП 19.1.vcxproj", "{A0F2D703-4BCB-4D8C-B75A-D4625DA33CCB}"
EndProject
Project("{8BC9CEB8-8B4A-11D0-8D11-00A0C91BC942}") = "ВВП 19.3", "ВВП 19.2\ВВП 19.2.vcxproj", "{4690A547-4A32-4262-8982-E0537F32196F}"
EndProject
Project("{8BC9CEB8-8B4A-11D0-8D11-00A0C91BC942}") = "ВВП 14.2", "ВВП 14.2\ВВП 14.2.vcxproj", "{0E8E57B8-9A19-4D44-9868-ED017A9E5CCC}"
EndProject
Project("{8BC9CEB8-8B4A-11D0-8D11-00A0C91BC942}") = "ВВП 14.3", "ВВП 14.3\ВВП 14.3.vcxproj", "{4599ADC6-A5B6-49B2-A537-8554EE2F0623}"
EndProject
Project("{8BC9CEB8-8B4A-11D0-8D11-00A0C91BC942}") = "ВВП 14.4", "ВВП 14.4\ВВП 14.4.vcxproj", "{B4DB7005-4AFB-4A25-8C52-DF945EC709A1}"
EndProject
Project("{8BC9CEB8-8B4A-11D0-8D11-00A0C91BC942}") = "ВВП 14.5", "ВВП 14.5\ВВП 14.5.vcxproj", "{BA946FDC-265C-4158-BE3F-F4AB96B0CE25}"
EndProject
Project("{8BC9CEB8-8B4A-11D0-8D11-00A0C91BC942}") = "ВВП 14.6", "ВВП 14.6\ВВП 14.6.vcxproj", "{0E82974F-5285-4E29-AB5D-325FA3479794}"
EndProject
Project("{8BC9CEB8-8B4A-11D0-8D11-00A0C91BC942}") = "ВВП 19 2", "ВВП 19 2\ВВП 19 2.vcxproj", "{539C3873-3355-4DB2-B226-FB4D7FCD1B9F}"
EndProject
Project("{8BC9CEB8-8B4A-11D0-8D11-00A0C91BC942}") = "ВВП 19.4", "ВВП 19.4\ВВП 19.4.vcxproj", "{FABB89E5-E167-417B-88FE-E4356FC1E8D1}"
EndProject
Project("{8BC9CEB8-8B4A-11D0-8D11-00A0C91BC942}") = "ВВП 19.5", "19.5\19.5.vcxproj", "{F033C65B-0DFB-416B-94F5-D343BCCEE0F9}"
EndProject
Global
	GlobalSection(SolutionConfigurationPlatforms) = preSolution
		Debug|x64 = Debug|x64
		Debug|x86 = Debug|x86
		Release|x64 = Release|x64
		Release|x86 = Release|x86
	EndGlobalSection
	GlobalSection(ProjectConfigurationPlatforms) = postSolution
		{0D192400-B520-454D-9869-B702F3CA736B}.Debug|x64.ActiveCfg = Debug|x64
		{0D192400-B520-454D-9869-B702F3CA736B}.Debug|x64.Build.0 = Debug|x64
		{0D192400-B520-454D-9869-B702F3CA736B}.Debug|x86.ActiveCfg = Debug|Win32
		{0D192400-B520-454D-9869-B702F3CA736B}.Debug|x86.Build.0 = Debug|Win32
		{0D192400-B520-454D-9869-B702F3CA736B}.Release|x64.ActiveCfg = Release|x64
		{0D192400-B520-454D-9869-B702F3CA736B}.Release|x64.Build.0 = Release|x64
		{0D192400-B520-454D-9869-B702F3CA736B}.Release|x86.ActiveCfg = Release|Win32
		{0D192400-B520-454D-9869-B702F3CA736B}.Release|x86.Build.0 = Release|Win32
		{EC1AC617-7709-4211-A178-2A353041048A}.Debug|x64.ActiveCfg = Debug|x64
		{EC1AC617-7709-4211-A178-2A353041048A}.Debug|x64.Build.0 = Debug|x64
		{EC1AC617-7709-4211-A178-2A353041048A}.Debug|x86.ActiveCfg = Debug|Win32
		{EC1AC617-7709-4211-A178-2A353041048A}.Debug|x86.Build.0 = Debug|Win32
		{EC1AC617-7709-4211-A178-2A353041048A}.Release|x64.ActiveCfg = Release|x64
		{EC1AC617-7709-4211-A178-2A353041048A}.Release|x64.Build.0 = Release|x64
		{EC1AC617-7709-4211-A178-2A353041048A}.Release|x86.ActiveCfg = Release|Win32
		{EC1AC617-7709-4211-A178-2A353041048A}.Release|x86.Build.0 = Release|Win32
		{06419D0F-6BA2-4B70-BBCA-C4DF78145B22}.Debug|x64.ActiveCfg = Debug|x64
		{06419D0F-6BA2-4B70-BBCA-C4DF78145B22}.Debug|x64.Build.0 = Debug|x64
		{06419D0F-6BA2-4B70-BBCA-C4DF78145B22}.Debug|x86.ActiveCfg = Debug|Win32
		{06419D0F-6BA2-4B70-BBCA-C4DF78145B22}.Debug|x86.Build.0 = Debug|Win32
		{06419D0F-6BA2-4B70-BBCA-C4DF78145B22}.Release|x64.ActiveCfg = Release|x64
		{06419D0F-6BA2-4B70-BBCA-C4DF78145B22}.Release|x64.Build.0 = Release|x64
		{06419D0F-6BA2-4B70-BBCA-C4DF78145B22}.Release|x86.ActiveCfg = Release|Win32
		{06419D0F-6BA2-4B70-BBCA-C4DF78145B22}.Release|x86.Build.0 = Release|Win32
		{8808D567-C4A5-41F4-B531-2705A5D4FD30}.Debug|x64.ActiveCfg = Debug|x64
		{8808D567-C4A5-41F4-B531-2705A5D4FD30}.Debug|x64.Build.0 = Debug|x64
		{8808D567-C4A5-41F4-B531-2705A5D4FD30}.Debug|x86.ActiveCfg = Debug|Win32
		{8808D567-C4A5-41F4-B531-2705A5D4FD30}.Debug|x86.Build.0 = Debug|Win32
		{8808D567-C4A5-41F4-B531-2705A5D4FD30}.Release|x64.ActiveCfg = Release|x64
		{8808D567-C4A5-41F4-B531-2705A5D4FD30}.Release|x64.Build.0 = Release|x64
		{8808D567-C4A5-41F4-B531-2705A5D4FD30}.Release|x86.ActiveCfg = Release|Win32
		{8808D567-C4A5-41F4-B531-2705A5D4FD30}.Release|x86.Build.0 = Release|Win32
		{B35D1903-2B65-4EAB-9D28-09578B465CCF}.Debug|x64.ActiveCfg = Debug|x64
		{B35D1903-2B65-4EAB-9D28-09578B465CCF}.Debug|x64.Build.0 = Debug|x64
		{B35D1903-2B65-4EAB-9D28-09578B465CCF}.Debug|x86.ActiveCfg = Debug|Win32
		{B35D1903-2B65-4EAB-9D28-09578B465CCF}.Debug|x86.Build.0 = Debug|Win32
		{B35D1903-2B65-4EAB-9D28-09578B465CCF}.Release|x64.ActiveCfg = Release|x64
		{B35D1903-2B65-4EAB-9D28-09578B465CCF}.Release|x64.Build.0 = Release|x64
		{B35D1903-2B65-4EAB-9D28-09578B465CCF}.Release|x86.ActiveCfg = Release|Win32
		{B35D1903-2B65-4EAB-9D28-09578B465CCF}.Release|x86.Build.0 = Release|Win32
		{8B76446D-3164-4A29-A579-C03A7FCAEF4C}.Debug|x64.ActiveCfg = Debug|x64
		{8B76446D-3164-4A29-A579-C03A7FCAEF4C}.Debug|x64.Build.0 = Debug|x64
		{8B76446D-3164-4A29-A579-C03A7FCAEF4C}.Debug|x86.ActiveCfg = Debug|Win32
		{8B76446D-3164-4A29-A579-C03A7FCAEF4C}.Debug|x86.Build.0 = Debug|Win32
		{8B76446D-3164-4A29-A579-C03A7FCAEF4C}.Release|x64.ActiveCfg = Release|x64
		{8B76446D-3164-4A29-A579-C03A7FCAEF4C}.Release|x64.Build.0 = Release|x64
		{8B76446D-3164-4A29-A579-C03A7FCAEF4C}.Release|x86.ActiveCfg = Release|Win32
		{8B76446D-3164-4A29-A579-C03A7FCAEF4C}.Release|x86.Build.0 = Release|Win32
		{49EE5480-2D0C-4CFB-8DD5-0F49B2284683}.Debug|x64.ActiveCfg = Debug|x64
		{49EE5480-2D0C-4CFB-8DD5-0F49B2284683}.Debug|x64.Build.0 = Debug|x64
		{49EE5480-2D0C-4CFB-8DD5-0F49B2284683}.Debug|x86.ActiveCfg = Debug|Win32
		{49EE5480-2D0C-4CFB-8DD5-0F49B2284683}.Debug|x86.Build.0 = Debug|Win32
		{49EE5480-2D0C-4CFB-8DD5-0F49B2284683}.Release|x64.ActiveCfg = Release|x64
		{49EE5480-2D0C-4CFB-8DD5-0F49B2284683}.Release|x64.Build.0 = Release|x64
		{49EE5480-2D0C-4CFB-8DD5-0F49B2284683}.Release|x86.ActiveCfg = Release|Win32
		{49EE5480-2D0C-4CFB-8DD5-0F49B2284683}.Release|x86.Build.0 = Release|Win32
		{F9A419B4-D336-4793-BC16-FF4F7C3BD6AC}.Debug|x64.ActiveCfg = Debug|x64
		{F9A419B4-D336-4793-BC16-FF4F7C3BD6AC}.Debug|x64.Build.0 = Debug|x64
		{F9A419B4-D336-4793-BC16-FF4F7C3BD6AC}.Debug|x86.ActiveCfg = Debug|Win32
		{F9A419B4-D336-4793-BC16-FF4F7C3BD6AC}.Debug|x86.Build.0 = Debug|Win32
		{F9A419B4-D336-4793-BC16-FF4F7C3BD6AC}.Release|x64.ActiveCfg = Release|x64
		{F9A419B4-D336-4793-BC16-FF4F7C3BD6AC}.Release|x64.Build.0 = Release|x64
		{F9A419B4-D336-4793-BC16-FF4F7C3BD6AC}.Release|x86.ActiveCfg = Release|Win32
		{F9A419B4-D336-4793-BC16-FF4F7C3BD6AC}.Release|x86.Build.0 = Release|Win32
		{886F43B6-B136-422D-83AF-297D4B888C13}.Debug|x64.ActiveCfg = Debug|x64
		{886F43B6-B136-422D-83AF-297D4B888C13}.Debug|x64.Build.0 = Debug|x64
		{886F43B6-B136-422D-83AF-297D4B888C13}.Debug|x86.ActiveCfg = Debug|Win32
		{886F43B6-B136-422D-83AF-297D4B888C13}.Debug|x86.Build.0 = Debug|Win32
		{886F43B6-B136-422D-83AF-297D4B888C13}.Release|x64.ActiveCfg = Release|x64
		{886F43B6-B136-422D-83AF-297D4B888C13}.Release|x64.Build.0 = Release|x64
		{886F43B6-B136-422D-83AF-297D4B888C13}.Release|x86.ActiveCfg = Release|Win32
		{886F43B6-B136-422D-83AF-297D4B888C13}.Release|x86.Build.0 = Release|Win32
		{9609500A-9563-486F-8FF2-4F5236402687}.Debug|x64.ActiveCfg = Debug|x64
		{9609500A-9563-486F-8FF2-4F5236402687}.Debug|x64.Build.0 = Debug|x64
		{9609500A-9563-486F-8FF2-4F5236402687}.Debug|x86.ActiveCfg = Debug|Win32
		{9609500A-9563-486F-8FF2-4F5236402687}.Debug|x86.Build.0 = Debug|Win32
		{9609500A-9563-486F-8FF2-4F5236402687}.Release|x64.ActiveCfg = Release|x64
		{9609500A-9563-486F-8FF2-4F5236402687}.Release|x64.Build.0 = Release|x64
		{9609500A-9563-486F-8FF2-4F5236402687}.Release|x86.ActiveCfg = Release|Win32
		{9609500A-9563-486F-8FF2-4F5236402687}.Release|x86.Build.0 = Release|Win32
		{79AE0C94-FAA8-43CE-81EF-8C01E4E044E1}.Debug|x64.ActiveCfg = Debug|x64
		{79AE0C94-FAA8-43CE-81EF-8C01E4E044E1}.Debug|x64.Build.0 = Debug|x64
		{79AE0C94-FAA8-43CE-81EF-8C01E4E044E1}.Debug|x86.ActiveCfg = Debug|Win32
		{79AE0C94-FAA8-43CE-81EF-8C01E4E044E1}.Debug|x86.Build.0 = Debug|Win32
		{79AE0C94-FAA8-43CE-81EF-8C01E4E044E1}.Release|x64.ActiveCfg = Release|x64
		{79AE0C94-FAA8-43CE-81EF-8C01E4E044E1}.Release|x64.Build.0 = Release|x64
		{79AE0C94-FAA8-43CE-81EF-8C01E4E044E1}.Release|x86.ActiveCfg = Release|Win32
		{79AE0C94-FAA8-43CE-81EF-8C01E4E044E1}.Release|x86.Build.0 = Release|Win32
		{44FFE66F-2817-46EB-965D-63AC0BA70DE9}.Debug|x64.ActiveCfg = Debug|x64
		{44FFE66F-2817-46EB-965D-63AC0BA70DE9}.Debug|x64.Build.0 = Debug|x64
		{44FFE66F-2817-46EB-965D-63AC0BA70DE9}.Debug|x86.ActiveCfg = Debug|Win32
		{44FFE66F-2817-46EB-965D-63AC0BA70DE9}.Debug|x86.Build.0 = Debug|Win32
		{44FFE66F-2817-46EB-965D-63AC0BA70DE9}.Release|x64.ActiveCfg = Release|x64
		{44FFE66F-2817-46EB-965D-63AC0BA70DE9}.Release|x64.Build.0 = Release|x64
		{44FFE66F-2817-46EB-965D-63AC0BA70DE9}.Release|x86.ActiveCfg = Release|Win32
		{44FFE66F-2817-46EB-965D-63AC0BA70DE9}.Release|x86.Build.0 = Release|Win32
		{DA624A77-ADF7-4BF2-863A-248B461DEF05}.Debug|x64.ActiveCfg = Debug|x64
		{DA624A77-ADF7-4BF2-863A-248B461DEF05}.Debug|x64.Build.0 = Debug|x64
		{DA624A77-ADF7-4BF2-863A-248B461DEF05}.Debug|x86.ActiveCfg = Debug|Win32
		{DA624A77-ADF7-4BF2-863A-248B461DEF05}.Debug|x86.Build.0 = Debug|Win32
		{DA624A77-ADF7-4BF2-863A-248B461DEF05}.Release|x64.ActiveCfg = Release|x64
		{DA624A77-ADF7-4BF2-863A-248B461DEF05}.Release|x64.Build.0 = Release|x64
		{DA624A77-ADF7-4BF2-863A-248B461DEF05}.Release|x86.ActiveCfg = Release|Win32
		{DA624A77-ADF7-4BF2-863A-248B461DEF05}.Release|x86.Build.0 = Release|Win32
		{540A351E-B1F1-4DB4-AE2F-F5961BC85818}.Debug|x64.ActiveCfg = Debug|x64
		{540A351E-B1F1-4DB4-AE2F-F5961BC85818}.Debug|x64.Build.0 = Debug|x64
		{540A351E-B1F1-4DB4-AE2F-F5961BC85818}.Debug|x86.ActiveCfg = Debug|Win32
		{540A351E-B1F1-4DB4-AE2F-F5961BC85818}.Debug|x86.Build.0 = Debug|Win32
		{540A351E-B1F1-4DB4-AE2F-F5961BC85818}.Release|x64.ActiveCfg = Release|x64
		{540A351E-B1F1-4DB4-AE2F-F5961BC85818}.Release|x64.Build.0 = Release|x64
		{540A351E-B1F1-4DB4-AE2F-F5961BC85818}.Release|x86.ActiveCfg = Release|Win32
		{540A351E-B1F1-4DB4-AE2F-F5961BC85818}.Release|x86.Build.0 = Release|Win32
		{02F9C8C1-4A0D-4053-B558-5B5AE7C734DF}.Debug|x64.ActiveCfg = Debug|x64
		{02F9C8C1-4A0D-4053-B558-5B5AE7C734DF}.Debug|x64.Build.0 = Debug|x64
		{02F9C8C1-4A0D-4053-B558-5B5AE7C734DF}.Debug|x86.ActiveCfg = Debug|Win32
		{02F9C8C1-4A0D-4053-B558-5B5AE7C734DF}.Debug|x86.Build.0 = Debug|Win32
		{02F9C8C1-4A0D-4053-B558-5B5AE7C734DF}.Release|x64.ActiveCfg = Release|x64
		{02F9C8C1-4A0D-4053-B558-5B5AE7C734DF}.Release|x64.Build.0 = Release|x64
		{02F9C8C1-4A0D-4053-B558-5B5AE7C734DF}.Release|x86.ActiveCfg = Release|Win32
		{02F9C8C1-4A0D-4053-B558-5B5AE7C734DF}.Release|x86.Build.0 = Release|Win32
		{B79B8BE7-B675-4CA8-9197-17F58EFC7049}.Debug|x64.ActiveCfg = Debug|x64
		{B79B8BE7-B675-4CA8-9197-17F58EFC7049}.Debug|x64.Build.0 = Debug|x64
		{B79B8BE7-B675-4CA8-9197-17F58EFC7049}.Debug|x86.ActiveCfg = Debug|Win32
		{B79B8BE7-B675-4CA8-9197-17F58EFC7049}.Debug|x86.Build.0 = Debug|Win32
		{B79B8BE7-B675-4CA8-9197-17F58EFC7049}.Release|x64.ActiveCfg = Release|x64
		{B79B8BE7-B675-4CA8-9197-17F58EFC7049}.Release|x64.Build.0 = Release|x64
		{B79B8BE7-B675-4CA8-9197-17F58EFC7049}.Release|x86.ActiveCfg = Release|Win32
		{B79B8BE7-B675-4CA8-9197-17F58EFC7049}.Release|x86.Build.0 = Release|Win32
		{163B8953-8BCE-4425-846D-84A3C2EEA0A7}.Debug|x64.ActiveCfg = Debug|x64
		{163B8953-8BCE-4425-846D-84A3C2EEA0A7}.Debug|x64.Build.0 = Debug|x64
		{163B8953-8BCE-4425-846D-84A3C2EEA0A7}.Debug|x86.ActiveCfg = Debug|Win32
		{163B8953-8BCE-4425-846D-84A3C2EEA0A7}.Debug|x86.Build.0 = Debug|Win32
		{163B8953-8BCE-4425-846D-84A3C2EEA0A7}.Release|x64.ActiveCfg = Release|x64
		{163B8953-8BCE-4425-846D-84A3C2EEA0A7}.Release|x64.Build.0 = Release|x64
		{163B8953-8BCE-4425-846D-84A3C2EEA0A7}.Release|x86.ActiveCfg = Release|Win32
		{163B8953-8BCE-4425-846D-84A3C2EEA0A7}.Release|x86.Build.0 = Release|Win32
		{AAE8985A-2F08-4845-B7A1-B7788694E0D7}.Debug|x64.ActiveCfg = Debug|x64
		{AAE8985A-2F08-4845-B7A1-B7788694E0D7}.Debug|x64.Build.0 = Debug|x64
		{AAE8985A-2F08-4845-B7A1-B7788694E0D7}.Debug|x86.ActiveCfg = Debug|Win32
		{AAE8985A-2F08-4845-B7A1-B7788694E0D7}.Debug|x86.Build.0 = Debug|Win32
		{AAE8985A-2F08-4845-B7A1-B7788694E0D7}.Release|x64.ActiveCfg = Release|x64
		{AAE8985A-2F08-4845-B7A1-B7788694E0D7}.Release|x64.Build.0 = Release|x64
		{AAE8985A-2F08-4845-B7A1-B7788694E0D7}.Release|x86.ActiveCfg = Release|Win32
		{AAE8985A-2F08-4845-B7A1-B7788694E0D7}.Release|x86.Build.0 = Release|Win32
		{10F6F895-155F-4F11-9EC3-060D4AA1C080}.Debug|x64.ActiveCfg = Debug|x64
		{10F6F895-155F-4F11-9EC3-060D4AA1C080}.Debug|x64.Build.0 = Debug|x64
		{10F6F895-155F-4F11-9EC3-060D4AA1C080}.Debug|x86.ActiveCfg = Debug|Win32
		{10F6F895-155F-4F11-9EC3-060D4AA1C080}.Debug|x86.Build.0 = Debug|Win32
		{10F6F895-155F-4F11-9EC3-060D4AA1C080}.Release|x64.ActiveCfg = Release|x64
		{10F6F895-155F-4F11-9EC3-060D4AA1C080}.Release|x64.Build.0 = Release|x64
		{10F6F895-155F-4F11-9EC3-060D4AA1C080}.Release|x86.ActiveCfg = Release|Win32
		{10F6F895-155F-4F11-9EC3-060D4AA1C080}.Release|x86.Build.0 = Release|Win32
		{23AE7456-183F-47D7-A31E-C7EEA986157C}.Debug|x64.ActiveCfg = Debug|x64
		{23AE7456-183F-47D7-A31E-C7EEA986157C}.Debug|x64.Build.0 = Debug|x64
		{23AE7456-183F-47D7-A31E-C7EEA986157C}.Debug|x86.ActiveCfg = Debug|Win32
		{23AE7456-183F-47D7-A31E-C7EEA986157C}.Debug|x86.Build.0 = Debug|Win32
		{23AE7456-183F-47D7-A31E-C7EEA986157C}.Release|x64.ActiveCfg = Release|x64
		{23AE7456-183F-47D7-A31E-C7EEA986157C}.Release|x64.Build.0 = Release|x64
		{23AE7456-183F-47D7-A31E-C7EEA986157C}.Release|x86.ActiveCfg = Release|Win32
		{23AE7456-183F-47D7-A31E-C7EEA986157C}.Release|x86.Build.0 = Release|Win32
		{83C737B5-980E-44EA-A050-AD79078EBB91}.Debug|x64.ActiveCfg = Debug|x64
		{83C737B5-980E-44EA-A050-AD79078EBB91}.Debug|x64.Build.0 = Debug|x64
		{83C737B5-980E-44EA-A050-AD79078EBB91}.Debug|x86.ActiveCfg = Debug|Win32
		{83C737B5-980E-44EA-A050-AD79078EBB91}.Debug|x86.Build.0 = Debug|Win32
		{83C737B5-980E-44EA-A050-AD79078EBB91}.Release|x64.ActiveCfg = Release|x64
		{83C737B5-980E-44EA-A050-AD79078EBB91}.Release|x64.Build.0 = Release|x64
		{83C737B5-980E-44EA-A050-AD79078EBB91}.Release|x86.ActiveCfg = Release|Win32
		{83C737B5-980E-44EA-A050-AD79078EBB91}.Release|x86.Build.0 = Release|Win32
		{4661ECAA-AE1A-456C-BD72-FCE99BE48EAB}.Debug|x64.ActiveCfg = Debug|x64
		{4661ECAA-AE1A-456C-BD72-FCE99BE48EAB}.Debug|x64.Build.0 = Debug|x64
		{4661ECAA-AE1A-456C-BD72-FCE99BE48EAB}.Debug|x86.ActiveCfg = Debug|Win32
		{4661ECAA-AE1A-456C-BD72-FCE99BE48EAB}.Debug|x86.Build.0 = Debug|Win32
		{4661ECAA-AE1A-456C-BD72-FCE99BE48EAB}.Release|x64.ActiveCfg = Release|x64
		{4661ECAA-AE1A-456C-BD72-FCE99BE48EAB}.Release|x64.Build.0 = Release|x64
		{4661ECAA-AE1A-456C-BD72-FCE99BE48EAB}.Release|x86.ActiveCfg = Release|Win32
		{4661ECAA-AE1A-456C-BD72-FCE99BE48EAB}.Release|x86.Build.0 = Release|Win32
		{3472949E-BC25-4B71-903A-6E8B6EBD7CE0}.Debug|x64.ActiveCfg = Debug|x64
		{3472949E-BC25-4B71-903A-6E8B6EBD7CE0}.Debug|x64.Build.0 = Debug|x64
		{3472949E-BC25-4B71-903A-6E8B6EBD7CE0}.Debug|x86.ActiveCfg = Debug|Win32
		{3472949E-BC25-4B71-903A-6E8B6EBD7CE0}.Debug|x86.Build.0 = Debug|Win32
		{3472949E-BC25-4B71-903A-6E8B6EBD7CE0}.Release|x64.ActiveCfg = Release|x64
		{3472949E-BC25-4B71-903A-6E8B6EBD7CE0}.Release|x64.Build.0 = Release|x64
		{3472949E-BC25-4B71-903A-6E8B6EBD7CE0}.Release|x86.ActiveCfg = Release|Win32
		{3472949E-BC25-4B71-903A-6E8B6EBD7CE0}.Release|x86.Build.0 = Release|Win32
		{104E57A4-40C8-4338-B9AB-7B7000665B3B}.Debug|x64.ActiveCfg = Debug|x64
		{104E57A4-40C8-4338-B9AB-7B7000665B3B}.Debug|x64.Build.0 = Debug|x64
		{104E57A4-40C8-4338-B9AB-7B7000665B3B}.Debug|x86.ActiveCfg = Debug|Win32
		{104E57A4-40C8-4338-B9AB-7B7000665B3B}.Debug|x86.Build.0 = Debug|Win32
		{104E57A4-40C8-4338-B9AB-7B7000665B3B}.Release|x64.ActiveCfg = Release|x64
		{104E57A4-40C8-4338-B9AB-7B7000665B3B}.Release|x64.Build.0 = Release|x64
		{104E57A4-40C8-4338-B9AB-7B7000665B3B}.Release|x86.ActiveCfg = Release|Win32
		{104E57A4-40C8-4338-B9AB-7B7000665B3B}.Release|x86.Build.0 = Release|Win32
		{A0F2D703-4BCB-4D8C-B75A-D4625DA33CCB}.Debug|x64.ActiveCfg = Debug|x64
		{A0F2D703-4BCB-4D8C-B75A-D4625DA33CCB}.Debug|x64.Build.0 = Debug|x64
		{A0F2D703-4BCB-4D8C-B75A-D4625DA33CCB}.Debug|x86.ActiveCfg = Debug|Win32
		{A0F2D703-4BCB-4D8C-B75A-D4625DA33CCB}.Debug|x86.Build.0 = Debug|Win32
		{A0F2D703-4BCB-4D8C-B75A-D4625DA33CCB}.Release|x64.ActiveCfg = Release|x64
		{A0F2D703-4BCB-4D8C-B75A-D4625DA33CCB}.Release|x64.Build.0 = Release|x64
		{A0F2D703-4BCB-4D8C-B75A-D4625DA33CCB}.Release|x86.ActiveCfg = Release|Win32
		{A0F2D703-4BCB-4D8C-B75A-D4625DA33CCB}.Release|x86.Build.0 = Release|Win32
		{4690A547-4A32-4262-8982-E0537F32196F}.Debug|x64.ActiveCfg = Debug|x64
		{4690A547-4A32-4262-8982-E0537F32196F}.Debug|x64.Build.0 = Debug|x64
		{4690A547-4A32-4262-8982-E0537F32196F}.Debug|x86.ActiveCfg = Debug|Win32
		{4690A547-4A32-4262-8982-E0537F32196F}.Debug|x86.Build.0 = Debug|Win32
		{4690A547-4A32-4262-8982-E0537F32196F}.Release|x64.ActiveCfg = Release|x64
		{4690A547-4A32-4262-8982-E0537F32196F}.Release|x64.Build.0 = Release|x64
		{4690A547-4A32-4262-8982-E0537F32196F}.Release|x86.ActiveCfg = Release|Win32
		{4690A547-4A32-4262-8982-E0537F32196F}.Release|x86.Build.0 = Release|Win32
		{0E8E57B8-9A19-4D44-9868-ED017A9E5CCC}.Debug|x64.ActiveCfg = Debug|x64
		{0E8E57B8-9A19-4D44-9868-ED017A9E5CCC}.Debug|x64.Build.0 = Debug|x64
		{0E8E57B8-9A19-4D44-9868-ED017A9E5CCC}.Debug|x86.ActiveCfg = Debug|Win32
		{0E8E57B8-9A19-4D44-9868-ED017A9E5CCC}.Debug|x86.Build.0 = Debug|Win32
		{0E8E57B8-9A19-4D44-9868-ED017A9E5CCC}.Release|x64.ActiveCfg = Release|x64
		{0E8E57B8-9A19-4D44-9868-ED017A9E5CCC}.Release|x64.Build.0 = Release|x64
		{0E8E57B8-9A19-4D44-9868-ED017A9E5CCC}.Release|x86.ActiveCfg = Release|Win32
		{0E8E57B8-9A19-4D44-9868-ED017A9E5CCC}.Release|x86.Build.0 = Release|Win32
		{4599ADC6-A5B6-49B2-A537-8554EE2F0623}.Debug|x64.ActiveCfg = Debug|x64
		{4599ADC6-A5B6-49B2-A537-8554EE2F0623}.Debug|x64.Build.0 = Debug|x64
		{4599ADC6-A5B6-49B2-A537-8554EE2F0623}.Debug|x86.ActiveCfg = Debug|Win32
		{4599ADC6-A5B6-49B2-A537-8554EE2F0623}.Debug|x86.Build.0 = Debug|Win32
		{4599ADC6-A5B6-49B2-A537-8554EE2F0623}.Release|x64.ActiveCfg = Release|x64
		{4599ADC6-A5B6-49B2-A537-8554EE2F0623}.Release|x64.Build.0 = Release|x64
		{4599ADC6-A5B6-49B2-A537-8554EE2F0623}.Release|x86.ActiveCfg = Release|Win32
		{4599ADC6-A5B6-49B2-A537-8554EE2F0623}.Release|x86.Build.0 = Release|Win32
		{B4DB7005-4AFB-4A25-8C52-DF945EC709A1}.Debug|x64.ActiveCfg = Debug|x64
		{B4DB7005-4AFB-4A25-8C52-DF945EC709A1}.Debug|x64.Build.0 = Debug|x64
		{B4DB7005-4AFB-4A25-8C52-DF945EC709A1}.Debug|x86.ActiveCfg = Debug|Win32
		{B4DB7005-4AFB-4A25-8C52-DF945EC709A1}.Debug|x86.Build.0 = Debug|Win32
		{B4DB7005-4AFB-4A25-8C52-DF945EC709A1}.Release|x64.ActiveCfg = Release|x64
		{B4DB7005-4AFB-4A25-8C52-DF945EC709A1}.Release|x64.Build.0 = Release|x64
		{B4DB7005-4AFB-4A25-8C52-DF945EC709A1}.Release|x86.ActiveCfg = Release|Win32
		{B4DB7005-4AFB-4A25-8C52-DF945EC709A1}.Release|x86.Build.0 = Release|Win32
		{BA946FDC-265C-4158-BE3F-F4AB96B0CE25}.Debug|x64.ActiveCfg = Debug|x64
		{BA946FDC-265C-4158-BE3F-F4AB96B0CE25}.Debug|x64.Build.0 = Debug|x64
		{BA946FDC-265C-4158-BE3F-F4AB96B0CE25}.Debug|x86.ActiveCfg = Debug|Win32
		{BA946FDC-265C-4158-BE3F-F4AB96B0CE25}.Debug|x86.Build.0 = Debug|Win32
		{BA946FDC-265C-4158-BE3F-F4AB96B0CE25}.Release|x64.ActiveCfg = Release|x64
		{BA946FDC-265C-4158-BE3F-F4AB96B0CE25}.Release|x64.Build.0 = Release|x64
		{BA946FDC-265C-4158-BE3F-F4AB96B0CE25}.Release|x86.ActiveCfg = Release|Win32
		{BA946FDC-265C-4158-BE3F-F4AB96B0CE25}.Release|x86.Build.0 = Release|Win32
		{0E82974F-5285-4E29-AB5D-325FA3479794}.Debug|x64.ActiveCfg = Debug|x64
		{0E82974F-5285-4E29-AB5D-325FA3479794}.Debug|x64.Build.0 = Debug|x64
		{0E82974F-5285-4E29-AB5D-325FA3479794}.Debug|x86.ActiveCfg = Debug|Win32
		{0E82974F-5285-4E29-AB5D-325FA3479794}.Debug|x86.Build.0 = Debug|Win32
		{0E82974F-5285-4E29-AB5D-325FA3479794}.Release|x64.ActiveCfg = Release|x64
		{0E82974F-5285-4E29-AB5D-325FA3479794}.Release|x64.Build.0 = Release|x64
		{0E82974F-5285-4E29-AB5D-325FA3479794}.Release|x86.ActiveCfg = Release|Win32
		{0E82974F-5285-4E29-AB5D-325FA3479794}.Release|x86.Build.0 = Release|Win32
		{539C3873-3355-4DB2-B226-FB4D7FCD1B9F}.Debug|x64.ActiveCfg = Debug|x64
		{539C3873-3355-4DB2-B226-FB4D7FCD1B9F}.Debug|x64.Build.0 = Debug|x64
		{539C3873-3355-4DB2-B226-FB4D7FCD1B9F}.Debug|x86.ActiveCfg = Debug|Win32
		{539C3873-3355-4DB2-B226-FB4D7FCD1B9F}.Debug|x86.Build.0 = Debug|Win32
		{539C3873-3355-4DB2-B226-FB4D7FCD1B9F}.Release|x64.ActiveCfg = Release|x64
		{539C3873-3355-4DB2-B226-FB4D7FCD1B9F}.Release|x64.Build.0 = Release|x64
		{539C3873-3355-4DB2-B226-FB4D7FCD1B9F}.Release|x86.ActiveCfg = Release|Win32
		{539C3873-3355-4DB2-B226-FB4D7FCD1B9F}.Release|x86.Build.0 = Release|Win32
		{FABB89E5-E167-417B-88FE-E4356FC1E8D1}.Debug|x64.ActiveCfg = Debug|x64
		{FABB89E5-E167-417B-88FE-E4356FC1E8D1}.Debug|x64.Build.0 = Debug|x64
		{FABB89E5-E167-417B-88FE-E4356FC1E8D1}.Debug|x86.ActiveCfg = Debug|Win32
		{FABB89E5-E167-417B-88FE-E4356FC1E8D1}.Debug|x86.Build.0 = Debug|Win32
		{FABB89E5-E167-417B-88FE-E4356FC1E8D1}.Release|x64.ActiveCfg = Release|x64
		{FABB89E5-E167-417B-88FE-E4356FC1E8D1}.Release|x64.Build.0 = Release|x64
		{FABB89E5-E167-417B-88FE-E4356FC1E8D1}.Release|x86.ActiveCfg = Release|Win32
		{FABB89E5-E167-417B-88FE-E4356FC1E8D1}.Release|x86.Build.0 = Release|Win32
		{F033C65B-0DFB-416B-94F5-D343BCCEE0F9}.Debug|x64.ActiveCfg = Debug|x64
		{F033C65B-0DFB-416B-94F5-D343BCCEE0F9}.Debug|x64.Build.0 = Debug|x64
		{F033C65B-0DFB-416B-94F5-D343BCCEE0F9}.Debug|x86.ActiveCfg = Debug|Win32
		{F033C65B-0DFB-416B-94F5-D343BCCEE0F9}.Debug|x86.Build.0 = Debug|Win32
		{F033C65B-0DFB-416B-94F5-D343BCCEE0F9}.Release|x64.ActiveCfg = Release|x64
		{F033C65B-0DFB-416B-94F5-D343BCCEE0F9}.Release|x64.Build.0 = Release|x64
		{F033C65B-0DFB-416B-94F5-D343BCCEE0F9}.Release|x86.ActiveCfg = Release|Win32
		{F033C65B-0DFB-416B-94F5-D343BCCEE0F9}.Release|x86.Build.0 = Release|Win32
	EndGlobalSection
	GlobalSection(SolutionProperties) = preSolution
		HideSolutionNode = FALSE
	EndGlobalSection
	GlobalSection(ExtensibilityGlobals) = postSolution
		SolutionGuid = {4303AB0E-8B16-475D-8773-6688039CF87A}
	EndGlobalSection
EndGlobal
