
Microsoft Visual Studio Solution File, Format Version 12.00
# Visual Studio Version 16
VisualStudioVersion = 16.0.30804.86
MinimumVisualStudioVersion = 10.0.40219.1
Project("{8BC9CEB8-8B4A-11D0-8D11-00A0C91BC942}") = "1 ОАиП", "Project2\Project2.vcxproj", "{0D192400-B520-454D-9869-B702F3CA736B}"
EndProject
Project("{8BC9CEB8-8B4A-11D0-8D11-00A0C91BC942}") = "ВВП 13.2", "ВВП 12\ВВП 12.vcxproj", "{EC1AC617-7709-4211-A178-2A353041048A}"
EndProject
Project("{8BC9CEB8-8B4A-11D0-8D11-00A0C91BC942}") = "ВВП 13.1", "ВВП 12.3\ВВП 12.3.vcxproj", "{06419D0F-6BA2-4B70-BBCA-C4DF78145B22}"
EndProject
Project("{8BC9CEB8-8B4A-11D0-8D11-00A0C91BC942}") = "ВВП 13.3", "ВВП 13.3\ВВП 13.3.vcxproj", "{8808D567-C4A5-41F4-B531-2705A5D4FD30}"
EndProject
Project("{8BC9CEB8-8B4A-11D0-8D11-00A0C91BC942}") = "ВВП 13.4", "ВВП задание 13.4\ВВП задание 13.4.vcxproj", "{B35D1903-2B65-4EAB-9D28-09578B465CCF}"
EndProject
Project("{8BC9CEB8-8B4A-11D0-8D11-00A0C91BC942}") = "ВВП 13.5", "ВВП 13.5\ВВП 13.5.vcxproj", "{8B76446D-3164-4A29-A579-C03A7FCAEF4C}"
EndProject
Global
	GlobalSection(SolutionConfigurationPlatforms) = preSolution
		Debug|x64 = Debug|x64
		Debug|x86 = Debug|x86
		Release|x64 = Release|x64
		Release|x86 = Release|x86
	EndGlobalSection
	GlobalSection(ProjectConfigurationPlatforms) = postSolution
		{0D192400-B520-454D-9869-B702F3CA736B}.Debug|x64.ActiveCfg = Debug|x64
		{0D192400-B520-454D-9869-B702F3CA736B}.Debug|x64.Build.0 = Debug|x64
		{0D192400-B520-454D-9869-B702F3CA736B}.Debug|x86.ActiveCfg = Debug|Win32
		{0D192400-B520-454D-9869-B702F3CA736B}.Debug|x86.Build.0 = Debug|Win32
		{0D192400-B520-454D-9869-B702F3CA736B}.Release|x64.ActiveCfg = Release|x64
		{0D192400-B520-454D-9869-B702F3CA736B}.Release|x64.Build.0 = Release|x64
		{0D192400-B520-454D-9869-B702F3CA736B}.Release|x86.ActiveCfg = Release|Win32
		{0D192400-B520-454D-9869-B702F3CA736B}.Release|x86.Build.0 = Release|Win32
		{EC1AC617-7709-4211-A178-2A353041048A}.Debug|x64.ActiveCfg = Debug|x64
		{EC1AC617-7709-4211-A178-2A353041048A}.Debug|x64.Build.0 = Debug|x64
		{EC1AC617-7709-4211-A178-2A353041048A}.Debug|x86.ActiveCfg = Debug|Win32
		{EC1AC617-7709-4211-A178-2A353041048A}.Debug|x86.Build.0 = Debug|Win32
		{EC1AC617-7709-4211-A178-2A353041048A}.Release|x64.ActiveCfg = Release|x64
		{EC1AC617-7709-4211-A178-2A353041048A}.Release|x64.Build.0 = Release|x64
		{EC1AC617-7709-4211-A178-2A353041048A}.Release|x86.ActiveCfg = Release|Win32
		{EC1AC617-7709-4211-A178-2A353041048A}.Release|x86.Build.0 = Release|Win32
		{06419D0F-6BA2-4B70-BBCA-C4DF78145B22}.Debug|x64.ActiveCfg = Debug|x64
		{06419D0F-6BA2-4B70-BBCA-C4DF78145B22}.Debug|x64.Build.0 = Debug|x64
		{06419D0F-6BA2-4B70-BBCA-C4DF78145B22}.Debug|x86.ActiveCfg = Debug|Win32
		{06419D0F-6BA2-4B70-BBCA-C4DF78145B22}.Debug|x86.Build.0 = Debug|Win32
		{06419D0F-6BA2-4B70-BBCA-C4DF78145B22}.Release|x64.ActiveCfg = Release|x64
		{06419D0F-6BA2-4B70-BBCA-C4DF78145B22}.Release|x64.Build.0 = Release|x64
		{06419D0F-6BA2-4B70-BBCA-C4DF78145B22}.Release|x86.ActiveCfg = Release|Win32
		{06419D0F-6BA2-4B70-BBCA-C4DF78145B22}.Release|x86.Build.0 = Release|Win32
		{8808D567-C4A5-41F4-B531-2705A5D4FD30}.Debug|x64.ActiveCfg = Debug|x64
		{8808D567-C4A5-41F4-B531-2705A5D4FD30}.Debug|x64.Build.0 = Debug|x64
		{8808D567-C4A5-41F4-B531-2705A5D4FD30}.Debug|x86.ActiveCfg = Debug|Win32
		{8808D567-C4A5-41F4-B531-2705A5D4FD30}.Debug|x86.Build.0 = Debug|Win32
		{8808D567-C4A5-41F4-B531-2705A5D4FD30}.Release|x64.ActiveCfg = Release|x64
		{8808D567-C4A5-41F4-B531-2705A5D4FD30}.Release|x64.Build.0 = Release|x64
		{8808D567-C4A5-41F4-B531-2705A5D4FD30}.Release|x86.ActiveCfg = Release|Win32
		{8808D567-C4A5-41F4-B531-2705A5D4FD30}.Release|x86.Build.0 = Release|Win32
		{B35D1903-2B65-4EAB-9D28-09578B465CCF}.Debug|x64.ActiveCfg = Debug|x64
		{B35D1903-2B65-4EAB-9D28-09578B465CCF}.Debug|x64.Build.0 = Debug|x64
		{B35D1903-2B65-4EAB-9D28-09578B465CCF}.Debug|x86.ActiveCfg = Debug|Win32
		{B35D1903-2B65-4EAB-9D28-09578B465CCF}.Debug|x86.Build.0 = Debug|Win32
		{B35D1903-2B65-4EAB-9D28-09578B465CCF}.Release|x64.ActiveCfg = Release|x64
		{B35D1903-2B65-4EAB-9D28-09578B465CCF}.Release|x64.Build.0 = Release|x64
		{B35D1903-2B65-4EAB-9D28-09578B465CCF}.Release|x86.ActiveCfg = Release|Win32
		{B35D1903-2B65-4EAB-9D28-09578B465CCF}.Release|x86.Build.0 = Release|Win32
		{8B76446D-3164-4A29-A579-C03A7FCAEF4C}.Debug|x64.ActiveCfg = Debug|x64
		{8B76446D-3164-4A29-A579-C03A7FCAEF4C}.Debug|x64.Build.0 = Debug|x64
		{8B76446D-3164-4A29-A579-C03A7FCAEF4C}.Debug|x86.ActiveCfg = Debug|Win32
		{8B76446D-3164-4A29-A579-C03A7FCAEF4C}.Debug|x86.Build.0 = Debug|Win32
		{8B76446D-3164-4A29-A579-C03A7FCAEF4C}.Release|x64.ActiveCfg = Release|x64
		{8B76446D-3164-4A29-A579-C03A7FCAEF4C}.Release|x64.Build.0 = Release|x64
		{8B76446D-3164-4A29-A579-C03A7FCAEF4C}.Release|x86.ActiveCfg = Release|Win32
		{8B76446D-3164-4A29-A579-C03A7FCAEF4C}.Release|x86.Build.0 = Release|Win32
	EndGlobalSection
	GlobalSection(SolutionProperties) = preSolution
		HideSolutionNode = FALSE
	EndGlobalSection
	GlobalSection(ExtensibilityGlobals) = postSolution
		SolutionGuid = {4303AB0E-8B16-475D-8773-6688039CF87A}
	EndGlobalSection
EndGlobal
