
Microsoft Visual Studio Solution File, Format Version 12.00
# Visual Studio Version 16
VisualStudioVersion = 16.0.30804.86
MinimumVisualStudioVersion = 10.0.40219.1
Project("{8BC9CEB8-8B4A-11D0-8D11-00A0C91BC942}") = "1 ОАиП", "Project2\Project2.vcxproj", "{0D192400-B520-454D-9869-B702F3CA736B}"
EndProject
Project("{8BC9CEB8-8B4A-11D0-8D11-00A0C91BC942}") = "ВВП 13.2", "ВВП 12\ВВП 12.vcxproj", "{EC1AC617-7709-4211-A178-2A353041048A}"
EndProject
Project("{8BC9CEB8-8B4A-11D0-8D11-00A0C91BC942}") = "ВВП 13.1", "ВВП 12.3\ВВП 12.3.vcxproj", "{06419D0F-6BA2-4B70-BBCA-C4DF78145B22}"
EndProject
Project("{8BC9CEB8-8B4A-11D0-8D11-00A0C91BC942}") = "ВВП 13.3", "ВВП 13.3\ВВП 13.3.vcxproj", "{8808D567-C4A5-41F4-B531-2705A5D4FD30}"
EndProject
Project("{8BC9CEB8-8B4A-11D0-8D11-00A0C91BC942}") = "ВВП 13.4", "ВВП задание 13.4\ВВП задание 13.4.vcxproj", "{B35D1903-2B65-4EAB-9D28-09578B465CCF}"
EndProject
Project("{8BC9CEB8-8B4A-11D0-8D11-00A0C91BC942}") = "ВВП 13.5", "ВВП 13.5\ВВП 13.5.vcxproj", "{8B76446D-3164-4A29-A579-C03A7FCAEF4C}"
EndProject
Project("{8BC9CEB8-8B4A-11D0-8D11-00A0C91BC942}") = "2 ОАиП", "2 ОАиП\2 ОАиП.vcxproj", "{49EE5480-2D0C-4CFB-8DD5-0F49B2284683}"
EndProject
Project("{8BC9CEB8-8B4A-11D0-8D11-00A0C91BC942}") = "ВВП 14.1", "ВВП 14\ВВП 14.vcxproj", "{F9A419B4-D336-4793-BC16-FF4F7C3BD6AC}"
EndProject
Project("{8BC9CEB8-8B4A-11D0-8D11-00A0C91BC942}") = "ВВП 16.1", "ВВП 16.1\ВВП 16.1.vcxproj", "{886F43B6-B136-422D-83AF-297D4B888C13}"
EndProject
Project("{8BC9CEB8-8B4A-11D0-8D11-00A0C91BC942}") = "ВВП 16.2", "ВВП 16.2\ВВП 16.2.vcxproj", "{9609500A-9563-486F-8FF2-4F5236402687}"
EndProject
Project("{8BC9CEB8-8B4A-11D0-8D11-00A0C91BC942}") = "ВВП 16.3", "ВВП 16.3\ВВП 16.3.vcxproj", "{79AE0C94-FAA8-43CE-81EF-8C01E4E044E1}"
EndProject
Project("{8BC9CEB8-8B4A-11D0-8D11-00A0C91BC942}") = "ВВП 16.4", "ВВП 16.4\ВВП 16.4.vcxproj", "{44FFE66F-2817-46EB-965D-63AC0BA70DE9}"
EndProject
Project("{8BC9CEB8-8B4A-11D0-8D11-00A0C91BC942}") = "ВВП 16.5", "ВВП 16.5\ВВП 16.5.vcxproj", "{DA624A77-ADF7-4BF2-863A-248B461DEF05}"
EndProject
Global
	GlobalSection(SolutionConfigurationPlatforms) = preSolution
		Debug|x64 = Debug|x64
		Debug|x86 = Debug|x86
		Release|x64 = Release|x64
		Release|x86 = Release|x86
	EndGlobalSection
	GlobalSection(ProjectConfigurationPlatforms) = postSolution
		{0D192400-B520-454D-9869-B702F3CA736B}.Debug|x64.ActiveCfg = Debug|x64
		{0D192400-B520-454D-9869-B702F3CA736B}.Debug|x64.Build.0 = Debug|x64
		{0D192400-B520-454D-9869-B702F3CA736B}.Debug|x86.ActiveCfg = Debug|Win32
		{0D192400-B520-454D-9869-B702F3CA736B}.Debug|x86.Build.0 = Debug|Win32
		{0D192400-B520-454D-9869-B702F3CA736B}.Release|x64.ActiveCfg = Release|x64
		{0D192400-B520-454D-9869-B702F3CA736B}.Release|x64.Build.0 = Release|x64
		{0D192400-B520-454D-9869-B702F3CA736B}.Release|x86.ActiveCfg = Release|Win32
		{0D192400-B520-454D-9869-B702F3CA736B}.Release|x86.Build.0 = Release|Win32
		{EC1AC617-7709-4211-A178-2A353041048A}.Debug|x64.ActiveCfg = Debug|x64
		{EC1AC617-7709-4211-A178-2A353041048A}.Debug|x64.Build.0 = Debug|x64
		{EC1AC617-7709-4211-A178-2A353041048A}.Debug|x86.ActiveCfg = Debug|Win32
		{EC1AC617-7709-4211-A178-2A353041048A}.Debug|x86.Build.0 = Debug|Win32
		{EC1AC617-7709-4211-A178-2A353041048A}.Release|x64.ActiveCfg = Release|x64
		{EC1AC617-7709-4211-A178-2A353041048A}.Release|x64.Build.0 = Release|x64
		{EC1AC617-7709-4211-A178-2A353041048A}.Release|x86.ActiveCfg = Release|Win32
		{EC1AC617-7709-4211-A178-2A353041048A}.Release|x86.Build.0 = Release|Win32
		{06419D0F-6BA2-4B70-BBCA-C4DF78145B22}.Debug|x64.ActiveCfg = Debug|x64
		{06419D0F-6BA2-4B70-BBCA-C4DF78145B22}.Debug|x64.Build.0 = Debug|x64
		{06419D0F-6BA2-4B70-BBCA-C4DF78145B22}.Debug|x86.ActiveCfg = Debug|Win32
		{06419D0F-6BA2-4B70-BBCA-C4DF78145B22}.Debug|x86.Build.0 = Debug|Win32
		{06419D0F-6BA2-4B70-BBCA-C4DF78145B22}.Release|x64.ActiveCfg = Release|x64
		{06419D0F-6BA2-4B70-BBCA-C4DF78145B22}.Release|x64.Build.0 = Release|x64
		{06419D0F-6BA2-4B70-BBCA-C4DF78145B22}.Release|x86.ActiveCfg = Release|Win32
		{06419D0F-6BA2-4B70-BBCA-C4DF78145B22}.Release|x86.Build.0 = Release|Win32
		{8808D567-C4A5-41F4-B531-2705A5D4FD30}.Debug|x64.ActiveCfg = Debug|x64
		{8808D567-C4A5-41F4-B531-2705A5D4FD30}.Debug|x64.Build.0 = Debug|x64
		{8808D567-C4A5-41F4-B531-2705A5D4FD30}.Debug|x86.ActiveCfg = Debug|Win32
		{8808D567-C4A5-41F4-B531-2705A5D4FD30}.Debug|x86.Build.0 = Debug|Win32
		{8808D567-C4A5-41F4-B531-2705A5D4FD30}.Release|x64.ActiveCfg = Release|x64
		{8808D567-C4A5-41F4-B531-2705A5D4FD30}.Release|x64.Build.0 = Release|x64
		{8808D567-C4A5-41F4-B531-2705A5D4FD30}.Release|x86.ActiveCfg = Release|Win32
		{8808D567-C4A5-41F4-B531-2705A5D4FD30}.Release|x86.Build.0 = Release|Win32
		{B35D1903-2B65-4EAB-9D28-09578B465CCF}.Debug|x64.ActiveCfg = Debug|x64
		{B35D1903-2B65-4EAB-9D28-09578B465CCF}.Debug|x64.Build.0 = Debug|x64
		{B35D1903-2B65-4EAB-9D28-09578B465CCF}.Debug|x86.ActiveCfg = Debug|Win32
		{B35D1903-2B65-4EAB-9D28-09578B465CCF}.Debug|x86.Build.0 = Debug|Win32
		{B35D1903-2B65-4EAB-9D28-09578B465CCF}.Release|x64.ActiveCfg = Release|x64
		{B35D1903-2B65-4EAB-9D28-09578B465CCF}.Release|x64.Build.0 = Release|x64
		{B35D1903-2B65-4EAB-9D28-09578B465CCF}.Release|x86.ActiveCfg = Release|Win32
		{B35D1903-2B65-4EAB-9D28-09578B465CCF}.Release|x86.Build.0 = Release|Win32
		{8B76446D-3164-4A29-A579-C03A7FCAEF4C}.Debug|x64.ActiveCfg = Debug|x64
		{8B76446D-3164-4A29-A579-C03A7FCAEF4C}.Debug|x64.Build.0 = Debug|x64
		{8B76446D-3164-4A29-A579-C03A7FCAEF4C}.Debug|x86.ActiveCfg = Debug|Win32
		{8B76446D-3164-4A29-A579-C03A7FCAEF4C}.Debug|x86.Build.0 = Debug|Win32
		{8B76446D-3164-4A29-A579-C03A7FCAEF4C}.Release|x64.ActiveCfg = Release|x64
		{8B76446D-3164-4A29-A579-C03A7FCAEF4C}.Release|x64.Build.0 = Release|x64
		{8B76446D-3164-4A29-A579-C03A7FCAEF4C}.Release|x86.ActiveCfg = Release|Win32
		{8B76446D-3164-4A29-A579-C03A7FCAEF4C}.Release|x86.Build.0 = Release|Win32
		{49EE5480-2D0C-4CFB-8DD5-0F49B2284683}.Debug|x64.ActiveCfg = Debug|x64
		{49EE5480-2D0C-4CFB-8DD5-0F49B2284683}.Debug|x64.Build.0 = Debug|x64
		{49EE5480-2D0C-4CFB-8DD5-0F49B2284683}.Debug|x86.ActiveCfg = Debug|Win32
		{49EE5480-2D0C-4CFB-8DD5-0F49B2284683}.Debug|x86.Build.0 = Debug|Win32
		{49EE5480-2D0C-4CFB-8DD5-0F49B2284683}.Release|x64.ActiveCfg = Release|x64
		{49EE5480-2D0C-4CFB-8DD5-0F49B2284683}.Release|x64.Build.0 = Release|x64
		{49EE5480-2D0C-4CFB-8DD5-0F49B2284683}.Release|x86.ActiveCfg = Release|Win32
		{49EE5480-2D0C-4CFB-8DD5-0F49B2284683}.Release|x86.Build.0 = Release|Win32
		{F9A419B4-D336-4793-BC16-FF4F7C3BD6AC}.Debug|x64.ActiveCfg = Debug|x64
		{F9A419B4-D336-4793-BC16-FF4F7C3BD6AC}.Debug|x64.Build.0 = Debug|x64
		{F9A419B4-D336-4793-BC16-FF4F7C3BD6AC}.Debug|x86.ActiveCfg = Debug|Win32
		{F9A419B4-D336-4793-BC16-FF4F7C3BD6AC}.Debug|x86.Build.0 = Debug|Win32
		{F9A419B4-D336-4793-BC16-FF4F7C3BD6AC}.Release|x64.ActiveCfg = Release|x64
		{F9A419B4-D336-4793-BC16-FF4F7C3BD6AC}.Release|x64.Build.0 = Release|x64
		{F9A419B4-D336-4793-BC16-FF4F7C3BD6AC}.Release|x86.ActiveCfg = Release|Win32
		{F9A419B4-D336-4793-BC16-FF4F7C3BD6AC}.Release|x86.Build.0 = Release|Win32
		{886F43B6-B136-422D-83AF-297D4B888C13}.Debug|x64.ActiveCfg = Debug|x64
		{886F43B6-B136-422D-83AF-297D4B888C13}.Debug|x64.Build.0 = Debug|x64
		{886F43B6-B136-422D-83AF-297D4B888C13}.Debug|x86.ActiveCfg = Debug|Win32
		{886F43B6-B136-422D-83AF-297D4B888C13}.Debug|x86.Build.0 = Debug|Win32
		{886F43B6-B136-422D-83AF-297D4B888C13}.Release|x64.ActiveCfg = Release|x64
		{886F43B6-B136-422D-83AF-297D4B888C13}.Release|x64.Build.0 = Release|x64
		{886F43B6-B136-422D-83AF-297D4B888C13}.Release|x86.ActiveCfg = Release|Win32
		{886F43B6-B136-422D-83AF-297D4B888C13}.Release|x86.Build.0 = Release|Win32
		{9609500A-9563-486F-8FF2-4F5236402687}.Debug|x64.ActiveCfg = Debug|x64
		{9609500A-9563-486F-8FF2-4F5236402687}.Debug|x64.Build.0 = Debug|x64
		{9609500A-9563-486F-8FF2-4F5236402687}.Debug|x86.ActiveCfg = Debug|Win32
		{9609500A-9563-486F-8FF2-4F5236402687}.Debug|x86.Build.0 = Debug|Win32
		{9609500A-9563-486F-8FF2-4F5236402687}.Release|x64.ActiveCfg = Release|x64
		{9609500A-9563-486F-8FF2-4F5236402687}.Release|x64.Build.0 = Release|x64
		{9609500A-9563-486F-8FF2-4F5236402687}.Release|x86.ActiveCfg = Release|Win32
		{9609500A-9563-486F-8FF2-4F5236402687}.Release|x86.Build.0 = Release|Win32
		{79AE0C94-FAA8-43CE-81EF-8C01E4E044E1}.Debug|x64.ActiveCfg = Debug|x64
		{79AE0C94-FAA8-43CE-81EF-8C01E4E044E1}.Debug|x64.Build.0 = Debug|x64
		{79AE0C94-FAA8-43CE-81EF-8C01E4E044E1}.Debug|x86.ActiveCfg = Debug|Win32
		{79AE0C94-FAA8-43CE-81EF-8C01E4E044E1}.Debug|x86.Build.0 = Debug|Win32
		{79AE0C94-FAA8-43CE-81EF-8C01E4E044E1}.Release|x64.ActiveCfg = Release|x64
		{79AE0C94-FAA8-43CE-81EF-8C01E4E044E1}.Release|x64.Build.0 = Release|x64
		{79AE0C94-FAA8-43CE-81EF-8C01E4E044E1}.Release|x86.ActiveCfg = Release|Win32
		{79AE0C94-FAA8-43CE-81EF-8C01E4E044E1}.Release|x86.Build.0 = Release|Win32
		{44FFE66F-2817-46EB-965D-63AC0BA70DE9}.Debug|x64.ActiveCfg = Debug|x64
		{44FFE66F-2817-46EB-965D-63AC0BA70DE9}.Debug|x64.Build.0 = Debug|x64
		{44FFE66F-2817-46EB-965D-63AC0BA70DE9}.Debug|x86.ActiveCfg = Debug|Win32
		{44FFE66F-2817-46EB-965D-63AC0BA70DE9}.Debug|x86.Build.0 = Debug|Win32
		{44FFE66F-2817-46EB-965D-63AC0BA70DE9}.Release|x64.ActiveCfg = Release|x64
		{44FFE66F-2817-46EB-965D-63AC0BA70DE9}.Release|x64.Build.0 = Release|x64
		{44FFE66F-2817-46EB-965D-63AC0BA70DE9}.Release|x86.ActiveCfg = Release|Win32
		{44FFE66F-2817-46EB-965D-63AC0BA70DE9}.Release|x86.Build.0 = Release|Win32
		{DA624A77-ADF7-4BF2-863A-248B461DEF05}.Debug|x64.ActiveCfg = Debug|x64
		{DA624A77-ADF7-4BF2-863A-248B461DEF05}.Debug|x64.Build.0 = Debug|x64
		{DA624A77-ADF7-4BF2-863A-248B461DEF05}.Debug|x86.ActiveCfg = Debug|Win32
		{DA624A77-ADF7-4BF2-863A-248B461DEF05}.Debug|x86.Build.0 = Debug|Win32
		{DA624A77-ADF7-4BF2-863A-248B461DEF05}.Release|x64.ActiveCfg = Release|x64
		{DA624A77-ADF7-4BF2-863A-248B461DEF05}.Release|x64.Build.0 = Release|x64
		{DA624A77-ADF7-4BF2-863A-248B461DEF05}.Release|x86.ActiveCfg = Release|Win32
		{DA624A77-ADF7-4BF2-863A-248B461DEF05}.Release|x86.Build.0 = Release|Win32
	EndGlobalSection
	GlobalSection(SolutionProperties) = preSolution
		HideSolutionNode = FALSE
	EndGlobalSection
	GlobalSection(ExtensibilityGlobals) = postSolution
		SolutionGuid = {4303AB0E-8B16-475D-8773-6688039CF87A}
	EndGlobalSection
EndGlobal
